
Microsoft Visual Studio Solution File, Format Version 12.00
# Visual Studio Version 17
VisualStudioVersion = 17.14.36511.14 d17.14
MinimumVisualStudioVersion = 10.0.40219.1
Project("{FAE04EC0-301F-11D3-BF4B-00C04F79EFBC}") = "WebApiWithPostgreSQL.API", "WebApiWithPostgreSQL.API\WebApiWithPostgreSQL.API.csproj", "{5BEE5B06-5A5D-46B3-9034-F81848131FF2}"
EndProject
Project("{FAE04EC0-301F-11D3-BF4B-00C04F79EFBC}") = "WebApiWithPostgreSQL.DB", "WebApiWithPostgreSQL.DB\WebApiWithPostgreSQL.DB.csproj", "{08A046F8-EE34-4921-AA6F-E69D07B40A26}"
EndProject
Global
	GlobalSection(SolutionConfigurationPlatforms) = preSolution
		Debug|Any CPU = Debug|Any CPU
		Release|Any CPU = Release|Any CPU
	EndGlobalSection
	GlobalSection(ProjectConfigurationPlatforms) = postSolution
		{5BEE5B06-5A5D-46B3-9034-F81848131FF2}.Debug|Any CPU.ActiveCfg = Debug|Any CPU
		{5BEE5B06-5A5D-46B3-9034-F81848131FF2}.Debug|Any CPU.Build.0 = Debug|Any CPU
		{5BEE5B06-5A5D-46B3-9034-F81848131FF2}.Release|Any CPU.ActiveCfg = Release|Any CPU
		{5BEE5B06-5A5D-46B3-9034-F81848131FF2}.Release|Any CPU.Build.0 = Release|Any CPU
		{08A046F8-EE34-4921-AA6F-E69D07B40A26}.Debug|Any CPU.ActiveCfg = Debug|Any CPU
		{08A046F8-EE34-4921-AA6F-E69D07B40A26}.Debug|Any CPU.Build.0 = Debug|Any CPU
		{08A046F8-EE34-4921-AA6F-E69D07B40A26}.Release|Any CPU.ActiveCfg = Release|Any CPU
		{08A046F8-EE34-4921-AA6F-E69D07B40A26}.Release|Any CPU.Build.0 = Release|Any CPU
	EndGlobalSection
	GlobalSection(SolutionProperties) = preSolution
		HideSolutionNode = FALSE
	EndGlobalSection
	GlobalSection(ExtensibilityGlobals) = postSolution
		SolutionGuid = {4ED03CDA-0AE6-4363-BA66-3EDC59B20C8C}
	EndGlobalSection
EndGlobal
